
Microsoft Visual Studio Solution File, Format Version 12.00
# Visual Studio 2013
VisualStudioVersion = 12.0.30501.0
MinimumVisualStudioVersion = 10.0.40219.1
Project("{FAE04EC0-301F-11D3-BF4B-00C04F79EFBC}") = "TRI2", "TRI2\TRI2.csproj", "{C0F79F8E-85F2-41A6-B09C-DA07E4ACFBFA}"
EndProject
Project("{FAE04EC0-301F-11D3-BF4B-00C04F79EFBC}") = "STRHH", "..\STRHH\STRHH\STRHH.csproj", "{2F0F9BAD-AE8F-4F80-97F8-07E4D5F863BB}"
EndProject
Project("{FAE04EC0-301F-11D3-BF4B-00C04F79EFBC}") = "DIVSUM", "..\DIVSUM\DIVSUM\DIVSUM.csproj", "{DAE16130-5681-4CA7-BF0D-3E66ED4ED83B}"
EndProject
Global
	GlobalSection(SolutionConfigurationPlatforms) = preSolution
		Debug|Any CPU = Debug|Any CPU
		Release|Any CPU = Release|Any CPU
	EndGlobalSection
	GlobalSection(ProjectConfigurationPlatforms) = postSolution
		{C0F79F8E-85F2-41A6-B09C-DA07E4ACFBFA}.Debug|Any CPU.ActiveCfg = Debug|Any CPU
		{C0F79F8E-85F2-41A6-B09C-DA07E4ACFBFA}.Debug|Any CPU.Build.0 = Debug|Any CPU
		{C0F79F8E-85F2-41A6-B09C-DA07E4ACFBFA}.Release|Any CPU.ActiveCfg = Release|Any CPU
		{C0F79F8E-85F2-41A6-B09C-DA07E4ACFBFA}.Release|Any CPU.Build.0 = Release|Any CPU
		{2F0F9BAD-AE8F-4F80-97F8-07E4D5F863BB}.Debug|Any CPU.ActiveCfg = Debug|Any CPU
		{2F0F9BAD-AE8F-4F80-97F8-07E4D5F863BB}.Debug|Any CPU.Build.0 = Debug|Any CPU
		{2F0F9BAD-AE8F-4F80-97F8-07E4D5F863BB}.Release|Any CPU.ActiveCfg = Release|Any CPU
		{2F0F9BAD-AE8F-4F80-97F8-07E4D5F863BB}.Release|Any CPU.Build.0 = Release|Any CPU
		{DAE16130-5681-4CA7-BF0D-3E66ED4ED83B}.Debug|Any CPU.ActiveCfg = Debug|Any CPU
		{DAE16130-5681-4CA7-BF0D-3E66ED4ED83B}.Debug|Any CPU.Build.0 = Debug|Any CPU
		{DAE16130-5681-4CA7-BF0D-3E66ED4ED83B}.Release|Any CPU.ActiveCfg = Release|Any CPU
		{DAE16130-5681-4CA7-BF0D-3E66ED4ED83B}.Release|Any CPU.Build.0 = Release|Any CPU
	EndGlobalSection
	GlobalSection(SolutionProperties) = preSolution
		HideSolutionNode = FALSE
	EndGlobalSection
EndGlobal
